
Microsoft Visual Studio Solution File, Format Version 12.00
# Visual Studio Version 16
VisualStudioVersion = 16.0.29215.179
MinimumVisualStudioVersion = 10.0.40219.1
Project("{9A19103F-16F7-4668-BE54-9A1E7A4F7556}") = "zAppDev.DotNet.Framework.AuditTrailManagerDemo", "zAppDev.DotNet.Framework.AuditTrailManagerDemo\zAppDev.DotNet.Framework.AuditTrailManagerDemo.csproj", "{2638F1AF-D764-4EE4-A1EB-7B483E6FAD96}"
EndProject
Global
	GlobalSection(SolutionConfigurationPlatforms) = preSolution
		Debug|Any CPU = Debug|Any CPU
		Release|Any CPU = Release|Any CPU
	EndGlobalSection
	GlobalSection(ProjectConfigurationPlatforms) = postSolution
		{2638F1AF-D764-4EE4-A1EB-7B483E6FAD96}.Debug|Any CPU.ActiveCfg = Debug|Any CPU
		{2638F1AF-D764-4EE4-A1EB-7B483E6FAD96}.Debug|Any CPU.Build.0 = Debug|Any CPU
		{2638F1AF-D764-4EE4-A1EB-7B483E6FAD96}.Release|Any CPU.ActiveCfg = Release|Any CPU
		{2638F1AF-D764-4EE4-A1EB-7B483E6FAD96}.Release|Any CPU.Build.0 = Release|Any CPU
	EndGlobalSection
	GlobalSection(SolutionProperties) = preSolution
		HideSolutionNode = FALSE
	EndGlobalSection
	GlobalSection(ExtensibilityGlobals) = postSolution
		SolutionGuid = {E4B85EF3-463E-4305-BD37-0BE879B2A768}
	EndGlobalSection
EndGlobal
