
Microsoft Visual Studio Solution File, Format Version 12.00
# Visual Studio Version 16
VisualStudioVersion = 16.0.29215.179
MinimumVisualStudioVersion = 10.0.40219.1
Project("{9A19103F-16F7-4668-BE54-9A1E7A4F7556}") = "zAppDev.DotNet.Framework.AuditTrailManagerDemo", "zAppDev.DotNet.Framework.AuditTrailManagerDemo\zAppDev.DotNet.Framework.AuditTrailManagerDemo.csproj", "{23F21BBA-1953-4113-9AD9-31427789E34B}"
EndProject
Project("{9A19103F-16F7-4668-BE54-9A1E7A4F7556}") = "zAppDev.DotNet.Framework", "..\..\zAppDev.DotNet.Framework\src\zAppDev.DotNet.Framework\zAppDev.DotNet.Framework.csproj", "{F18434C4-CB9F-48D5-ADAB-EFD865D04C7C}"
EndProject
Global
	GlobalSection(SolutionConfigurationPlatforms) = preSolution
		Debug|Any CPU = Debug|Any CPU
		Release|Any CPU = Release|Any CPU
	EndGlobalSection
	GlobalSection(ProjectConfigurationPlatforms) = postSolution
		{23F21BBA-1953-4113-9AD9-31427789E34B}.Debug|Any CPU.ActiveCfg = Debug|Any CPU
		{23F21BBA-1953-4113-9AD9-31427789E34B}.Debug|Any CPU.Build.0 = Debug|Any CPU
		{23F21BBA-1953-4113-9AD9-31427789E34B}.Release|Any CPU.ActiveCfg = Release|Any CPU
		{23F21BBA-1953-4113-9AD9-31427789E34B}.Release|Any CPU.Build.0 = Release|Any CPU
		{F18434C4-CB9F-48D5-ADAB-EFD865D04C7C}.Debug|Any CPU.ActiveCfg = Debug|Any CPU
		{F18434C4-CB9F-48D5-ADAB-EFD865D04C7C}.Debug|Any CPU.Build.0 = Debug|Any CPU
		{F18434C4-CB9F-48D5-ADAB-EFD865D04C7C}.Release|Any CPU.ActiveCfg = Release|Any CPU
		{F18434C4-CB9F-48D5-ADAB-EFD865D04C7C}.Release|Any CPU.Build.0 = Release|Any CPU
	EndGlobalSection
	GlobalSection(SolutionProperties) = preSolution
		HideSolutionNode = FALSE
	EndGlobalSection
	GlobalSection(ExtensibilityGlobals) = postSolution
		SolutionGuid = {E4B85EF3-463E-4305-BD37-0BE879B2A768}
	EndGlobalSection
EndGlobal
