
Microsoft Visual Studio Solution File, Format Version 12.00
# Visual Studio Version 16
VisualStudioVersion = 16.0.29009.5
MinimumVisualStudioVersion = 10.0.40219.1
Project("{FAE04EC0-301F-11D3-BF4B-00C04F79EFBC}") = "CLMS.Framework.Auditing", "CLMS.Framework.Auditing\CLMS.Framework.Auditing.csproj", "{23F21BBA-1953-4113-9AD9-31427789E34B}"
EndProject
Project("{9A19103F-16F7-4668-BE54-9A1E7A4F7556}") = "CLMS.Framework", "..\..\CLMS.Framework\src\CLMS.Framework\CLMS.Framework.csproj", "{09AA3239-8A80-4DDD-8C23-64C84E194DAE}"
EndProject
Global
	GlobalSection(SolutionConfigurationPlatforms) = preSolution
		Debug|Any CPU = Debug|Any CPU
		Release|Any CPU = Release|Any CPU
	EndGlobalSection
	GlobalSection(ProjectConfigurationPlatforms) = postSolution
		{23F21BBA-1953-4113-9AD9-31427789E34B}.Debug|Any CPU.ActiveCfg = Debug|Any CPU
		{23F21BBA-1953-4113-9AD9-31427789E34B}.Debug|Any CPU.Build.0 = Debug|Any CPU
		{23F21BBA-1953-4113-9AD9-31427789E34B}.Release|Any CPU.ActiveCfg = Release|Any CPU
		{23F21BBA-1953-4113-9AD9-31427789E34B}.Release|Any CPU.Build.0 = Release|Any CPU
		{09AA3239-8A80-4DDD-8C23-64C84E194DAE}.Debug|Any CPU.ActiveCfg = Debug|Any CPU
		{09AA3239-8A80-4DDD-8C23-64C84E194DAE}.Debug|Any CPU.Build.0 = Debug|Any CPU
		{09AA3239-8A80-4DDD-8C23-64C84E194DAE}.Release|Any CPU.ActiveCfg = Release|Any CPU
		{09AA3239-8A80-4DDD-8C23-64C84E194DAE}.Release|Any CPU.Build.0 = Release|Any CPU
	EndGlobalSection
	GlobalSection(SolutionProperties) = preSolution
		HideSolutionNode = FALSE
	EndGlobalSection
	GlobalSection(ExtensibilityGlobals) = postSolution
		SolutionGuid = {E4B85EF3-463E-4305-BD37-0BE879B2A768}
	EndGlobalSection
EndGlobal
